
Microsoft Visual Studio Solution File, Format Version 12.00
# Visual Studio 15
Project("{FAE04EC0-301F-11D3-BF4B-00C04F79EFBC}") = "realtime_app", "realtime_app\realtime_app.csproj", "{B004E24D-67F7-4D5B-B7D7-D55E517AD67E}"
EndProject
Global
	GlobalSection(SolutionConfigurationPlatforms) = preSolution
		Debug|Any CPU = Debug|Any CPU
		Release|Any CPU = Release|Any CPU
	EndGlobalSection
	GlobalSection(ProjectConfigurationPlatforms) = postSolution
		{B004E24D-67F7-4D5B-B7D7-D55E517AD67E}.Debug|Any CPU.ActiveCfg = Debug|Any CPU
		{B004E24D-67F7-4D5B-B7D7-D55E517AD67E}.Debug|Any CPU.Build.0 = Debug|Any CPU
		{B004E24D-67F7-4D5B-B7D7-D55E517AD67E}.Release|Any CPU.ActiveCfg = Release|Any CPU
		{B004E24D-67F7-4D5B-B7D7-D55E517AD67E}.Release|Any CPU.Build.0 = Release|Any CPU
	EndGlobalSection
EndGlobal
